
Microsoft Visual Studio Solution File, Format Version 12.00
# Visual Studio 15
VisualStudioVersion = 15.0.26228.4
MinimumVisualStudioVersion = 10.0.40219.1
Project("{FAE04EC0-301F-11D3-BF4B-00C04F79EFBC}") = "GitDiffMargin.Extension", "GitDiffMargin.Extension\GitDiffMargin.Extension.csproj", "{E4701F35-8030-418E-8E8C-6AE72E229138}"
EndProject
Project("{FAE04EC0-301F-11D3-BF4B-00C04F79EFBC}") = "GitDiffMargin", "GitDiffMargin\GitDiffMargin.csproj", "{233B6F13-7687-4823-870B-A8F44B79D4F0}"
EndProject
Project("{FAE04EC0-301F-11D3-BF4B-00C04F79EFBC}") = "GitDiffMargin.Unit.Tests", "GitDiffMargin.Unit.Tests\GitDiffMargin.Unit.Tests.csproj", "{B954F515-AC6F-40D4-8169-03985AC62B06}"
EndProject
Project("{2150E333-8FDC-42A3-9474-1A3956D46DE8}") = "Solution Items", "Solution Items", "{1ACE889E-6D42-4673-B624-5E11D4FE5744}"
	ProjectSection(SolutionItems) = preProject
		appveyor.yml = appveyor.yml
		Directory.Build.props = Directory.Build.props
		Directory.Build.targets = Directory.Build.targets
		LICENSE.md = LICENSE.md
		README.md = README.md
	EndProjectSection
EndProject
Project("{FAE04EC0-301F-11D3-BF4B-00C04F79EFBC}") = "GitDiffMargin.Commands", "GitDiffMargin.Commands\GitDiffMargin.Commands.csproj", "{AFEE8D6F-0358-4628-8CAC-D10668C95057}"
EndProject
Project("{FAE04EC0-301F-11D3-BF4B-00C04F79EFBC}") = "GitDiffMargin.LegacyCommands", "GitDiffMargin.LegacyCommands\GitDiffMargin.LegacyCommands.csproj", "{359BA5C3-6964-4FA4-941F-FB97E250C521}"
EndProject
Global
	GlobalSection(SolutionConfigurationPlatforms) = preSolution
		Debug|Any CPU = Debug|Any CPU
		Release|Any CPU = Release|Any CPU
	EndGlobalSection
	GlobalSection(ProjectConfigurationPlatforms) = postSolution
		{E4701F35-8030-418E-8E8C-6AE72E229138}.Debug|Any CPU.ActiveCfg = Debug|Any CPU
		{E4701F35-8030-418E-8E8C-6AE72E229138}.Debug|Any CPU.Build.0 = Debug|Any CPU
		{E4701F35-8030-418E-8E8C-6AE72E229138}.Release|Any CPU.ActiveCfg = Release|Any CPU
		{E4701F35-8030-418E-8E8C-6AE72E229138}.Release|Any CPU.Build.0 = Release|Any CPU
		{233B6F13-7687-4823-870B-A8F44B79D4F0}.Debug|Any CPU.ActiveCfg = Debug|Any CPU
		{233B6F13-7687-4823-870B-A8F44B79D4F0}.Debug|Any CPU.Build.0 = Debug|Any CPU
		{233B6F13-7687-4823-870B-A8F44B79D4F0}.Release|Any CPU.ActiveCfg = Release|Any CPU
		{233B6F13-7687-4823-870B-A8F44B79D4F0}.Release|Any CPU.Build.0 = Release|Any CPU
		{B954F515-AC6F-40D4-8169-03985AC62B06}.Debug|Any CPU.ActiveCfg = Debug|Any CPU
		{B954F515-AC6F-40D4-8169-03985AC62B06}.Debug|Any CPU.Build.0 = Debug|Any CPU
		{B954F515-AC6F-40D4-8169-03985AC62B06}.Release|Any CPU.ActiveCfg = Release|Any CPU
		{B954F515-AC6F-40D4-8169-03985AC62B06}.Release|Any CPU.Build.0 = Release|Any CPU
		{AFEE8D6F-0358-4628-8CAC-D10668C95057}.Debug|Any CPU.ActiveCfg = Debug|Any CPU
		{AFEE8D6F-0358-4628-8CAC-D10668C95057}.Debug|Any CPU.Build.0 = Debug|Any CPU
		{AFEE8D6F-0358-4628-8CAC-D10668C95057}.Release|Any CPU.ActiveCfg = Release|Any CPU
		{AFEE8D6F-0358-4628-8CAC-D10668C95057}.Release|Any CPU.Build.0 = Release|Any CPU
		{359BA5C3-6964-4FA4-941F-FB97E250C521}.Debug|Any CPU.ActiveCfg = Debug|Any CPU
		{359BA5C3-6964-4FA4-941F-FB97E250C521}.Debug|Any CPU.Build.0 = Debug|Any CPU
		{359BA5C3-6964-4FA4-941F-FB97E250C521}.Release|Any CPU.ActiveCfg = Release|Any CPU
		{359BA5C3-6964-4FA4-941F-FB97E250C521}.Release|Any CPU.Build.0 = Release|Any CPU
	EndGlobalSection
	GlobalSection(SolutionProperties) = preSolution
		HideSolutionNode = FALSE
	EndGlobalSection
	GlobalSection(ExtensibilityGlobals) = postSolution
		SolutionGuid = {974DECDE-47FF-443B-94CC-0587A3E32290}
	EndGlobalSection
EndGlobal
